
Microsoft Visual Studio Solution File, Format Version 12.00
# Visual Studio Version 17
VisualStudioVersion = 17.4.33205.214
MinimumVisualStudioVersion = 10.0.40219.1
Project("{FAE04EC0-301F-11D3-BF4B-00C04F79EFBC}") = "com.mx.Persona.DAL", "com.mx.Persona.DAL\com.mx.Persona.DAL.csproj", "{CB9B6830-8CD4-4BD5-9EB3-9F688E524242}"
EndProject
Project("{FAE04EC0-301F-11D3-BF4B-00C04F79EFBC}") = "com.mx.Persona.BLL", "com.mx.Persona.BLL\com.mx.Persona.BLL.csproj", "{9023FD53-63D8-4B92-A598-E5745C024B66}"
EndProject
Project("{FAE04EC0-301F-11D3-BF4B-00C04F79EFBC}") = "com.mx.Persona.IOC", "com.mx.Persona.IOC\com.mx.Persona.IOC.csproj", "{C8D0CE3A-87D5-4561-AE5F-B2058D5CF45E}"
EndProject
Project("{FAE04EC0-301F-11D3-BF4B-00C04F79EFBC}") = "Com.mx.Persona.DOM", "Com.mx.Persona.DOM\Com.mx.Persona.DOM.csproj", "{9964DF8E-5AFC-409B-AB78-C3EB3A0A7241}"
EndProject
Project("{FAE04EC0-301F-11D3-BF4B-00C04F79EFBC}") = "Com.mx.Persona.Api", "Com.mx.Persona.Api\Com.mx.Persona.Api.csproj", "{44CE2915-D3BD-4522-9860-00777BEEBCC2}"
EndProject
Global
	GlobalSection(SolutionConfigurationPlatforms) = preSolution
		Debug|Any CPU = Debug|Any CPU
		Release|Any CPU = Release|Any CPU
	EndGlobalSection
	GlobalSection(ProjectConfigurationPlatforms) = postSolution
		{CB9B6830-8CD4-4BD5-9EB3-9F688E524242}.Debug|Any CPU.ActiveCfg = Debug|Any CPU
		{CB9B6830-8CD4-4BD5-9EB3-9F688E524242}.Debug|Any CPU.Build.0 = Debug|Any CPU
		{CB9B6830-8CD4-4BD5-9EB3-9F688E524242}.Release|Any CPU.ActiveCfg = Release|Any CPU
		{CB9B6830-8CD4-4BD5-9EB3-9F688E524242}.Release|Any CPU.Build.0 = Release|Any CPU
		{9023FD53-63D8-4B92-A598-E5745C024B66}.Debug|Any CPU.ActiveCfg = Debug|Any CPU
		{9023FD53-63D8-4B92-A598-E5745C024B66}.Debug|Any CPU.Build.0 = Debug|Any CPU
		{9023FD53-63D8-4B92-A598-E5745C024B66}.Release|Any CPU.ActiveCfg = Release|Any CPU
		{9023FD53-63D8-4B92-A598-E5745C024B66}.Release|Any CPU.Build.0 = Release|Any CPU
		{C8D0CE3A-87D5-4561-AE5F-B2058D5CF45E}.Debug|Any CPU.ActiveCfg = Debug|Any CPU
		{C8D0CE3A-87D5-4561-AE5F-B2058D5CF45E}.Debug|Any CPU.Build.0 = Debug|Any CPU
		{C8D0CE3A-87D5-4561-AE5F-B2058D5CF45E}.Release|Any CPU.ActiveCfg = Release|Any CPU
		{C8D0CE3A-87D5-4561-AE5F-B2058D5CF45E}.Release|Any CPU.Build.0 = Release|Any CPU
		{9964DF8E-5AFC-409B-AB78-C3EB3A0A7241}.Debug|Any CPU.ActiveCfg = Debug|Any CPU
		{9964DF8E-5AFC-409B-AB78-C3EB3A0A7241}.Debug|Any CPU.Build.0 = Debug|Any CPU
		{9964DF8E-5AFC-409B-AB78-C3EB3A0A7241}.Release|Any CPU.ActiveCfg = Release|Any CPU
		{9964DF8E-5AFC-409B-AB78-C3EB3A0A7241}.Release|Any CPU.Build.0 = Release|Any CPU
		{44CE2915-D3BD-4522-9860-00777BEEBCC2}.Debug|Any CPU.ActiveCfg = Debug|Any CPU
		{44CE2915-D3BD-4522-9860-00777BEEBCC2}.Debug|Any CPU.Build.0 = Debug|Any CPU
		{44CE2915-D3BD-4522-9860-00777BEEBCC2}.Release|Any CPU.ActiveCfg = Release|Any CPU
		{44CE2915-D3BD-4522-9860-00777BEEBCC2}.Release|Any CPU.Build.0 = Release|Any CPU
	EndGlobalSection
	GlobalSection(SolutionProperties) = preSolution
		HideSolutionNode = FALSE
	EndGlobalSection
	GlobalSection(ExtensibilityGlobals) = postSolution
		SolutionGuid = {ACB53613-CD33-4660-8292-94A67D9F8B5D}
	EndGlobalSection
EndGlobal
